
Microsoft Visual Studio Solution File, Format Version 12.00
# Visual Studio Version 17
VisualStudioVersion = 17.3.32929.385
MinimumVisualStudioVersion = 10.0.40219.1
Project("{9A19103F-16F7-4668-BE54-9A1E7A4F7556}") = "BlazorCRUDEmpleados", "BlazorCRUDEmpleados.csproj", "{493B38CB-D213-40F4-9CB2-F9FE9A5F480B}"
EndProject
Global
	GlobalSection(SolutionConfigurationPlatforms) = preSolution
		Debug|Any CPU = Debug|Any CPU
		Release|Any CPU = Release|Any CPU
	EndGlobalSection
	GlobalSection(ProjectConfigurationPlatforms) = postSolution
		{493B38CB-D213-40F4-9CB2-F9FE9A5F480B}.Debug|Any CPU.ActiveCfg = Debug|Any CPU
		{493B38CB-D213-40F4-9CB2-F9FE9A5F480B}.Debug|Any CPU.Build.0 = Debug|Any CPU
		{493B38CB-D213-40F4-9CB2-F9FE9A5F480B}.Release|Any CPU.ActiveCfg = Release|Any CPU
		{493B38CB-D213-40F4-9CB2-F9FE9A5F480B}.Release|Any CPU.Build.0 = Release|Any CPU
	EndGlobalSection
	GlobalSection(SolutionProperties) = preSolution
		HideSolutionNode = FALSE
	EndGlobalSection
	GlobalSection(ExtensibilityGlobals) = postSolution
		SolutionGuid = {BCD0D117-3658-4192-AD87-D067CF24E162}
	EndGlobalSection
EndGlobal
